
Microsoft Visual Studio Solution File, Format Version 12.00
# Visual Studio Version 17
VisualStudioVersion = 17.0.31903.59
MinimumVisualStudioVersion = 10.0.40219.1
Project("{2150E333-8FDC-42A3-9474-1A3956D46DE8}") = "Domain", "Domain", "{1E2DEED1-A7C7-49AB-9B5B-D019B6A7534F}"
EndProject
Project("{2150E333-8FDC-42A3-9474-1A3956D46DE8}") = "Infra.IoC", "Infra.IoC", "{FD104386-0037-467A-9D07-19438004B4A8}"
EndProject
Project("{2150E333-8FDC-42A3-9474-1A3956D46DE8}") = "Infra.Bus", "Infra.Bus", "{8816D012-5121-4A51-9823-4D31CDADB663}"
EndProject
Project("{FAE04EC0-301F-11D3-BF4B-00C04F79EFBC}") = "MicroRabbit.Domain.Core", "MicroRabbit.Domain.Core\MicroRabbit.Domain.Core.csproj", "{2012DB44-1E8D-4716-8C45-6B20A406E80E}"
EndProject
Project("{FAE04EC0-301F-11D3-BF4B-00C04F79EFBC}") = "MicroRabbit.Infra.Bus", "MicroRabbit.Infra.Bus\MicroRabbit.Infra.Bus.csproj", "{929C99AB-E39E-4FE3-BBA8-CC18824537F7}"
EndProject
Project("{FAE04EC0-301F-11D3-BF4B-00C04F79EFBC}") = "MicroRabbit.Infra.IoC", "MicroRabbit.Infra.IoC\MicroRabbit.Infra.IoC.csproj", "{6CEC40AB-26CC-4712-BFFB-AC4A53D9A3E6}"
EndProject
Project("{FAE04EC0-301F-11D3-BF4B-00C04F79EFBC}") = "MicroRabbit.Banking.Api", "MicroRabbit.Banking.Api\MicroRabbit.Banking.Api.csproj", "{A7458DAA-79DF-4BED-8B87-B08AA7F12DC1}"
EndProject
Project("{2150E333-8FDC-42A3-9474-1A3956D46DE8}") = "Microservices", "Microservices", "{CC8E6A5F-E5E2-41D1-800F-6989948C9EF1}"
EndProject
Project("{2150E333-8FDC-42A3-9474-1A3956D46DE8}") = "Api", "Api", "{B5E30016-D3A4-40C1-82A3-4F8FF97A2E96}"
EndProject
Project("{2150E333-8FDC-42A3-9474-1A3956D46DE8}") = "Application", "Application", "{A1C2BEAF-EFC5-453A-81B8-9E8C2FB3CC0D}"
EndProject
Project("{2150E333-8FDC-42A3-9474-1A3956D46DE8}") = "Data", "Data", "{5D485917-7E7C-40D3-B187-2661431F01E7}"
EndProject
Project("{2150E333-8FDC-42A3-9474-1A3956D46DE8}") = "Domain", "Domain", "{726306BE-E265-4992-9EB7-23A2A35647FC}"
EndProject
Project("{FAE04EC0-301F-11D3-BF4B-00C04F79EFBC}") = "MicroRabbit.Banking.Application", "MicroRabbit.Banking.Application\MicroRabbit.Banking.Application.csproj", "{C9D3898B-2BF3-4163-A143-E5877A2C3218}"
EndProject
Project("{FAE04EC0-301F-11D3-BF4B-00C04F79EFBC}") = "MicroRabbit.Banking.Data", "MicroRabbit.Banking.Data\MicroRabbit.Banking.Data.csproj", "{152935AA-28C0-4778-968E-5D3669F7034D}"
EndProject
Project("{FAE04EC0-301F-11D3-BF4B-00C04F79EFBC}") = "MicroRabbit.Banking.Domain", "MicroRabbit.Banking.Domain\MicroRabbit.Banking.Domain.csproj", "{CEB5F310-01AD-403F-A1FE-9BF12F323046}"
EndProject
Global
	GlobalSection(SolutionConfigurationPlatforms) = preSolution
		Debug|Any CPU = Debug|Any CPU
		Release|Any CPU = Release|Any CPU
	EndGlobalSection
	GlobalSection(SolutionProperties) = preSolution
		HideSolutionNode = FALSE
	EndGlobalSection
	GlobalSection(ProjectConfigurationPlatforms) = postSolution
		{2012DB44-1E8D-4716-8C45-6B20A406E80E}.Debug|Any CPU.ActiveCfg = Debug|Any CPU
		{2012DB44-1E8D-4716-8C45-6B20A406E80E}.Debug|Any CPU.Build.0 = Debug|Any CPU
		{2012DB44-1E8D-4716-8C45-6B20A406E80E}.Release|Any CPU.ActiveCfg = Release|Any CPU
		{2012DB44-1E8D-4716-8C45-6B20A406E80E}.Release|Any CPU.Build.0 = Release|Any CPU
		{929C99AB-E39E-4FE3-BBA8-CC18824537F7}.Debug|Any CPU.ActiveCfg = Debug|Any CPU
		{929C99AB-E39E-4FE3-BBA8-CC18824537F7}.Debug|Any CPU.Build.0 = Debug|Any CPU
		{929C99AB-E39E-4FE3-BBA8-CC18824537F7}.Release|Any CPU.ActiveCfg = Release|Any CPU
		{929C99AB-E39E-4FE3-BBA8-CC18824537F7}.Release|Any CPU.Build.0 = Release|Any CPU
		{6CEC40AB-26CC-4712-BFFB-AC4A53D9A3E6}.Debug|Any CPU.ActiveCfg = Debug|Any CPU
		{6CEC40AB-26CC-4712-BFFB-AC4A53D9A3E6}.Debug|Any CPU.Build.0 = Debug|Any CPU
		{6CEC40AB-26CC-4712-BFFB-AC4A53D9A3E6}.Release|Any CPU.ActiveCfg = Release|Any CPU
		{6CEC40AB-26CC-4712-BFFB-AC4A53D9A3E6}.Release|Any CPU.Build.0 = Release|Any CPU
		{A7458DAA-79DF-4BED-8B87-B08AA7F12DC1}.Debug|Any CPU.ActiveCfg = Debug|Any CPU
		{A7458DAA-79DF-4BED-8B87-B08AA7F12DC1}.Debug|Any CPU.Build.0 = Debug|Any CPU
		{A7458DAA-79DF-4BED-8B87-B08AA7F12DC1}.Release|Any CPU.ActiveCfg = Release|Any CPU
		{A7458DAA-79DF-4BED-8B87-B08AA7F12DC1}.Release|Any CPU.Build.0 = Release|Any CPU
		{C9D3898B-2BF3-4163-A143-E5877A2C3218}.Debug|Any CPU.ActiveCfg = Debug|Any CPU
		{C9D3898B-2BF3-4163-A143-E5877A2C3218}.Debug|Any CPU.Build.0 = Debug|Any CPU
		{C9D3898B-2BF3-4163-A143-E5877A2C3218}.Release|Any CPU.ActiveCfg = Release|Any CPU
		{C9D3898B-2BF3-4163-A143-E5877A2C3218}.Release|Any CPU.Build.0 = Release|Any CPU
		{152935AA-28C0-4778-968E-5D3669F7034D}.Debug|Any CPU.ActiveCfg = Debug|Any CPU
		{152935AA-28C0-4778-968E-5D3669F7034D}.Debug|Any CPU.Build.0 = Debug|Any CPU
		{152935AA-28C0-4778-968E-5D3669F7034D}.Release|Any CPU.ActiveCfg = Release|Any CPU
		{152935AA-28C0-4778-968E-5D3669F7034D}.Release|Any CPU.Build.0 = Release|Any CPU
		{CEB5F310-01AD-403F-A1FE-9BF12F323046}.Debug|Any CPU.ActiveCfg = Debug|Any CPU
		{CEB5F310-01AD-403F-A1FE-9BF12F323046}.Debug|Any CPU.Build.0 = Debug|Any CPU
		{CEB5F310-01AD-403F-A1FE-9BF12F323046}.Release|Any CPU.ActiveCfg = Release|Any CPU
		{CEB5F310-01AD-403F-A1FE-9BF12F323046}.Release|Any CPU.Build.0 = Release|Any CPU
	EndGlobalSection
	GlobalSection(NestedProjects) = preSolution
		{CEB5F310-01AD-403F-A1FE-9BF12F323046} = {726306BE-E265-4992-9EB7-23A2A35647FC}
		{152935AA-28C0-4778-968E-5D3669F7034D} = {5D485917-7E7C-40D3-B187-2661431F01E7}
		{C9D3898B-2BF3-4163-A143-E5877A2C3218} = {A1C2BEAF-EFC5-453A-81B8-9E8C2FB3CC0D}
		{A7458DAA-79DF-4BED-8B87-B08AA7F12DC1} = {B5E30016-D3A4-40C1-82A3-4F8FF97A2E96}
		{726306BE-E265-4992-9EB7-23A2A35647FC} = {CC8E6A5F-E5E2-41D1-800F-6989948C9EF1}
		{5D485917-7E7C-40D3-B187-2661431F01E7} = {CC8E6A5F-E5E2-41D1-800F-6989948C9EF1}
		{A1C2BEAF-EFC5-453A-81B8-9E8C2FB3CC0D} = {CC8E6A5F-E5E2-41D1-800F-6989948C9EF1}
		{B5E30016-D3A4-40C1-82A3-4F8FF97A2E96} = {CC8E6A5F-E5E2-41D1-800F-6989948C9EF1}
		{6CEC40AB-26CC-4712-BFFB-AC4A53D9A3E6} = {FD104386-0037-467A-9D07-19438004B4A8}
		{929C99AB-E39E-4FE3-BBA8-CC18824537F7} = {8816D012-5121-4A51-9823-4D31CDADB663}
		{2012DB44-1E8D-4716-8C45-6B20A406E80E} = {1E2DEED1-A7C7-49AB-9B5B-D019B6A7534F}
	EndGlobalSection
EndGlobal
